
Microsoft Visual Studio Solution File, Format Version 12.00
# Visual Studio Version 17
VisualStudioVersion = 17.9.34701.34
MinimumVisualStudioVersion = 10.0.40219.1
Project("{FAE04EC0-301F-11D3-BF4B-00C04F79EFBC}") = "UltracarAPI", "UltracarAPI.csproj", "{D1E23666-7B34-4C21-BAAA-D8C34AB25732}"
EndProject
Global
	GlobalSection(SolutionConfigurationPlatforms) = preSolution
		Debug|Any CPU = Debug|Any CPU
		Release|Any CPU = Release|Any CPU
	EndGlobalSection
	GlobalSection(ProjectConfigurationPlatforms) = postSolution
		{D1E23666-7B34-4C21-BAAA-D8C34AB25732}.Debug|Any CPU.ActiveCfg = Debug|Any CPU
		{D1E23666-7B34-4C21-BAAA-D8C34AB25732}.Debug|Any CPU.Build.0 = Debug|Any CPU
		{D1E23666-7B34-4C21-BAAA-D8C34AB25732}.Release|Any CPU.ActiveCfg = Release|Any CPU
		{D1E23666-7B34-4C21-BAAA-D8C34AB25732}.Release|Any CPU.Build.0 = Release|Any CPU
	EndGlobalSection
	GlobalSection(SolutionProperties) = preSolution
		HideSolutionNode = FALSE
	EndGlobalSection
	GlobalSection(ExtensibilityGlobals) = postSolution
		SolutionGuid = {AC65C9AC-1023-40E3-8885-E886F6997EE8}
	EndGlobalSection
EndGlobal
